
Microsoft Visual Studio Solution File, Format Version 12.00
# Visual Studio Version 16
VisualStudioVersion = 16.0.31105.61
MinimumVisualStudioVersion = 10.0.40219.1
Project("{FAE04EC0-301F-11D3-BF4B-00C04F79EFBC}") = "Senai.Hroads.WebApi", "Senai.Hroads.WebApi\Senai.Hroads.WebApi.csproj", "{BCB0E3CE-34E2-4275-8D3E-832FBBDEC93D}"
EndProject
Global
	GlobalSection(SolutionConfigurationPlatforms) = preSolution
		Debug|Any CPU = Debug|Any CPU
		Release|Any CPU = Release|Any CPU
	EndGlobalSection
	GlobalSection(ProjectConfigurationPlatforms) = postSolution
		{BCB0E3CE-34E2-4275-8D3E-832FBBDEC93D}.Debug|Any CPU.ActiveCfg = Debug|Any CPU
		{BCB0E3CE-34E2-4275-8D3E-832FBBDEC93D}.Debug|Any CPU.Build.0 = Debug|Any CPU
		{BCB0E3CE-34E2-4275-8D3E-832FBBDEC93D}.Release|Any CPU.ActiveCfg = Release|Any CPU
		{BCB0E3CE-34E2-4275-8D3E-832FBBDEC93D}.Release|Any CPU.Build.0 = Release|Any CPU
	EndGlobalSection
	GlobalSection(SolutionProperties) = preSolution
		HideSolutionNode = FALSE
	EndGlobalSection
	GlobalSection(ExtensibilityGlobals) = postSolution
		SolutionGuid = {F18124FA-57D5-4A2C-B544-DFEE21D46C8F}
	EndGlobalSection
EndGlobal
