
Microsoft Visual Studio Solution File, Format Version 12.00
# Visual Studio Version 16
VisualStudioVersion = 16.0.31105.61
MinimumVisualStudioVersion = 10.0.40219.1
Project("{FAE04EC0-301F-11D3-BF4B-00C04F79EFBC}") = "Senai_SPMedicalGroup_webApi", "Senai_SPMedicalGroup_webApi\Senai_SPMedicalGroup_webApi.csproj", "{A289D7E4-4F37-4A40-8203-6DAB6B24BA47}"
EndProject
Global
	GlobalSection(SolutionConfigurationPlatforms) = preSolution
		Debug|Any CPU = Debug|Any CPU
		Release|Any CPU = Release|Any CPU
	EndGlobalSection
	GlobalSection(ProjectConfigurationPlatforms) = postSolution
		{A289D7E4-4F37-4A40-8203-6DAB6B24BA47}.Debug|Any CPU.ActiveCfg = Debug|Any CPU
		{A289D7E4-4F37-4A40-8203-6DAB6B24BA47}.Debug|Any CPU.Build.0 = Debug|Any CPU
		{A289D7E4-4F37-4A40-8203-6DAB6B24BA47}.Release|Any CPU.ActiveCfg = Release|Any CPU
		{A289D7E4-4F37-4A40-8203-6DAB6B24BA47}.Release|Any CPU.Build.0 = Release|Any CPU
	EndGlobalSection
	GlobalSection(SolutionProperties) = preSolution
		HideSolutionNode = FALSE
	EndGlobalSection
	GlobalSection(ExtensibilityGlobals) = postSolution
		SolutionGuid = {011BE453-66BE-4A96-90D2-FE5770907ED9}
	EndGlobalSection
EndGlobal
